
Microsoft Visual Studio Solution File, Format Version 12.00
# Visual Studio 15
VisualStudioVersion = 15.0.26424.2
MinimumVisualStudioVersion = 10.0.40219.1
Project("{888888A0-9F3D-457C-B088-3A5042F75D52}") = "ColumnSizeExpiration", "ColumnSizeExpiration\ColumnSizeExpiration.pyproj", "{DA8C0E5C-F611-4709-A18C-DDCDF12FCFBD}"
EndProject
Global
	GlobalSection(SolutionConfigurationPlatforms) = preSolution
		Debug|Any CPU = Debug|Any CPU
		Release|Any CPU = Release|Any CPU
	EndGlobalSection
	GlobalSection(ProjectConfigurationPlatforms) = postSolution
		{DA8C0E5C-F611-4709-A18C-DDCDF12FCFBD}.Debug|Any CPU.ActiveCfg = Debug|Any CPU
		{DA8C0E5C-F611-4709-A18C-DDCDF12FCFBD}.Release|Any CPU.ActiveCfg = Release|Any CPU
	EndGlobalSection
	GlobalSection(SolutionProperties) = preSolution
		HideSolutionNode = FALSE
	EndGlobalSection
EndGlobal
